
Microsoft Visual Studio Solution File, Format Version 12.00
# Visual Studio 15
VisualStudioVersion = 15.0.28307.438
MinimumVisualStudioVersion = 10.0.40219.1
Project("{9A19103F-16F7-4668-BE54-9A1E7A4F7556}") = "MNT", "MNT\MNT.csproj", "{2D0D6459-349B-4591-A956-D54B2EAE6E61}"
EndProject
Project("{9A19103F-16F7-4668-BE54-9A1E7A4F7556}") = "MNT.Entity", "MNT.Entity\MNT.Entity.csproj", "{B83EFAB1-CCD7-4A07-85BB-6C1582E4F9F8}"
EndProject
Global
	GlobalSection(SolutionConfigurationPlatforms) = preSolution
		Debug|Any CPU = Debug|Any CPU
		Release|Any CPU = Release|Any CPU
	EndGlobalSection
	GlobalSection(ProjectConfigurationPlatforms) = postSolution
		{2D0D6459-349B-4591-A956-D54B2EAE6E61}.Debug|Any CPU.ActiveCfg = Debug|Any CPU
		{2D0D6459-349B-4591-A956-D54B2EAE6E61}.Debug|Any CPU.Build.0 = Debug|Any CPU
		{2D0D6459-349B-4591-A956-D54B2EAE6E61}.Release|Any CPU.ActiveCfg = Release|Any CPU
		{2D0D6459-349B-4591-A956-D54B2EAE6E61}.Release|Any CPU.Build.0 = Release|Any CPU
		{B83EFAB1-CCD7-4A07-85BB-6C1582E4F9F8}.Debug|Any CPU.ActiveCfg = Debug|Any CPU
		{B83EFAB1-CCD7-4A07-85BB-6C1582E4F9F8}.Debug|Any CPU.Build.0 = Debug|Any CPU
		{B83EFAB1-CCD7-4A07-85BB-6C1582E4F9F8}.Release|Any CPU.ActiveCfg = Release|Any CPU
		{B83EFAB1-CCD7-4A07-85BB-6C1582E4F9F8}.Release|Any CPU.Build.0 = Release|Any CPU
	EndGlobalSection
	GlobalSection(SolutionProperties) = preSolution
		HideSolutionNode = FALSE
	EndGlobalSection
	GlobalSection(ExtensibilityGlobals) = postSolution
		SolutionGuid = {44A3E681-D43D-4F19-B17F-3DF5B2C0B22B}
	EndGlobalSection
EndGlobal
